// !$*UTF8*$!
{
	archiveVersion = 1;
	classes = {
	};
	objectVersion = 56;
	objects = {

/* Begin PBXBuildFile section */
		C344A4622B0D5A6D005E054B /* ProfileViewController.swift in Sources */ = {isa = PBXBuildFile; fileRef = C344A4612B0D5A6D005E054B /* ProfileViewController.swift */; };
		C344A4642B128EAB005E054B /* SingleImageViewController.swift in Sources */ = {isa = PBXBuildFile; fileRef = C344A4632B128EAB005E054B /* SingleImageViewController.swift */; };
		C358CC752B2A4A5B00735984 /* AuthTokenResponseBody.swift in Sources */ = {isa = PBXBuildFile; fileRef = C358CC742B2A4A5B00735984 /* AuthTokenResponseBody.swift */; };
		C358CC772B2A4B4C00735984 /* OAuth2Service.swift in Sources */ = {isa = PBXBuildFile; fileRef = C358CC762B2A4B4C00735984 /* OAuth2Service.swift */; };
		C358CC792B2A529B00735984 /* OAuth2TokenStorage.swift in Sources */ = {isa = PBXBuildFile; fileRef = C358CC782B2A529B00735984 /* OAuth2TokenStorage.swift */; };
		C35EFFC02B373E4D000A1556 /* ProgressHUD in Frameworks */ = {isa = PBXBuildFile; productRef = C35EFFBF2B373E4D000A1556 /* ProgressHUD */; };
		C35EFFC22B374E99000A1556 /* UIBlockingProgressHUD.swift in Sources */ = {isa = PBXBuildFile; fileRef = C35EFFC12B374E99000A1556 /* UIBlockingProgressHUD.swift */; };
		C35EFFC42B382E79000A1556 /* ProfileService.swift in Sources */ = {isa = PBXBuildFile; fileRef = C35EFFC32B382E79000A1556 /* ProfileService.swift */; };
		C35EFFC62B382EAA000A1556 /* ProfileResult.swift in Sources */ = {isa = PBXBuildFile; fileRef = C35EFFC52B382EAA000A1556 /* ProfileResult.swift */; };
		C35EFFC82B383269000A1556 /* Profile.swift in Sources */ = {isa = PBXBuildFile; fileRef = C35EFFC72B383269000A1556 /* Profile.swift */; };
		C35EFFCC2B389427000A1556 /* OAuthViewControllerDelegate.swift in Sources */ = {isa = PBXBuildFile; fileRef = C35EFFCB2B389427000A1556 /* OAuthViewControllerDelegate.swift */; };
		C35EFFCE2B389646000A1556 /* ProfileImageService.swift in Sources */ = {isa = PBXBuildFile; fileRef = C35EFFCD2B389646000A1556 /* ProfileImageService.swift */; };
		C35EFFD12B38B601000A1556 /* URLSession + Extensions.swift in Sources */ = {isa = PBXBuildFile; fileRef = C35EFFD02B38B601000A1556 /* URLSession + Extensions.swift */; };
		C372D0C52B02B2D700AE89E2 /* ImagesListCell.swift in Sources */ = {isa = PBXBuildFile; fileRef = C372D0C42B02B2D700AE89E2 /* ImagesListCell.swift */; };
		C37A5C092B3C30CD0048E949 /* SwiftKeychainWrapper in Frameworks */ = {isa = PBXBuildFile; productRef = C37A5C082B3C30CD0048E949 /* SwiftKeychainWrapper */; };
		C393BA7F2B38D3B900CB47F6 /* AlertPresenter.swift in Sources */ = {isa = PBXBuildFile; fileRef = C393BA7E2B38D3B900CB47F6 /* AlertPresenter.swift */; };
		C393BA822B38D8DF00CB47F6 /* Kingfisher in Frameworks */ = {isa = PBXBuildFile; productRef = C393BA812B38D8DF00CB47F6 /* Kingfisher */; };
		C3C4CC1C2B3DA015003C6B7C /* Photo.swift in Sources */ = {isa = PBXBuildFile; fileRef = C3C4CC1B2B3DA015003C6B7C /* Photo.swift */; };
		C3C4CC1E2B3DA06B003C6B7C /* ImagesListService.swift in Sources */ = {isa = PBXBuildFile; fileRef = C3C4CC1D2B3DA06B003C6B7C /* ImagesListService.swift */; };
		C3C4CC202B3E05E0003C6B7C /* PhotoResult.swift in Sources */ = {isa = PBXBuildFile; fileRef = C3C4CC1F2B3E05E0003C6B7C /* PhotoResult.swift */; };
		C3D484482B3D786500C2AF85 /* TabBarViewController.swift in Sources */ = {isa = PBXBuildFile; fileRef = C3D484472B3D786500C2AF85 /* TabBarViewController.swift */; };
		C3DEBF422B23A9C400F16266 /* WebConstants.swift in Sources */ = {isa = PBXBuildFile; fileRef = C3DEBF412B23A9C400F16266 /* WebConstants.swift */; };
		C3DEBF452B23C49B00F16266 /* OAuthViewController.swift in Sources */ = {isa = PBXBuildFile; fileRef = C3DEBF442B23C49B00F16266 /* OAuthViewController.swift */; };
		C3DEBF472B23C51D00F16266 /* WebViewViewController.swift in Sources */ = {isa = PBXBuildFile; fileRef = C3DEBF462B23C51D00F16266 /* WebViewViewController.swift */; };
		C3DEBF492B23D8AB00F16266 /* WebViewControllerDelegate.swift in Sources */ = {isa = PBXBuildFile; fileRef = C3DEBF482B23D8AB00F16266 /* WebViewControllerDelegate.swift */; };
		C3DF848E2AFD618800298A89 /* AppDelegate.swift in Sources */ = {isa = PBXBuildFile; fileRef = C3DF848D2AFD618800298A89 /* AppDelegate.swift */; };
		C3DF84902AFD618800298A89 /* SceneDelegate.swift in Sources */ = {isa = PBXBuildFile; fileRef = C3DF848F2AFD618800298A89 /* SceneDelegate.swift */; };
		C3DF84922AFD618800298A89 /* ImagesListViewController.swift in Sources */ = {isa = PBXBuildFile; fileRef = C3DF84912AFD618800298A89 /* ImagesListViewController.swift */; };
		C3DF84952AFD618800298A89 /* Main.storyboard in Resources */ = {isa = PBXBuildFile; fileRef = C3DF84932AFD618800298A89 /* Main.storyboard */; };
		C3DF84972AFD618900298A89 /* Assets.xcassets in Resources */ = {isa = PBXBuildFile; fileRef = C3DF84962AFD618900298A89 /* Assets.xcassets */; };
		C3DF849A2AFD618900298A89 /* LaunchScreen.storyboard in Resources */ = {isa = PBXBuildFile; fileRef = C3DF84982AFD618900298A89 /* LaunchScreen.storyboard */; };
		C3E06B072B35FB8500D78A72 /* SplashViewController.swift in Sources */ = {isa = PBXBuildFile; fileRef = C3E06B062B35FB8500D78A72 /* SplashViewController.swift */; };
/* End PBXBuildFile section */

/* Begin PBXFileReference section */
		C344A4612B0D5A6D005E054B /* ProfileViewController.swift */ = {isa = PBXFileReference; lastKnownFileType = sourcecode.swift; path = ProfileViewController.swift; sourceTree = "<group>"; };
		C344A4632B128EAB005E054B /* SingleImageViewController.swift */ = {isa = PBXFileReference; lastKnownFileType = sourcecode.swift; path = SingleImageViewController.swift; sourceTree = "<group>"; };
		C358CC742B2A4A5B00735984 /* AuthTokenResponseBody.swift */ = {isa = PBXFileReference; lastKnownFileType = sourcecode.swift; path = AuthTokenResponseBody.swift; sourceTree = "<group>"; };
		C358CC762B2A4B4C00735984 /* OAuth2Service.swift */ = {isa = PBXFileReference; lastKnownFileType = sourcecode.swift; path = OAuth2Service.swift; sourceTree = "<group>"; };
		C358CC782B2A529B00735984 /* OAuth2TokenStorage.swift */ = {isa = PBXFileReference; lastKnownFileType = sourcecode.swift; path = OAuth2TokenStorage.swift; sourceTree = "<group>"; };
		C35EFFC12B374E99000A1556 /* UIBlockingProgressHUD.swift */ = {isa = PBXFileReference; lastKnownFileType = sourcecode.swift; path = UIBlockingProgressHUD.swift; sourceTree = "<group>"; };
		C35EFFC32B382E79000A1556 /* ProfileService.swift */ = {isa = PBXFileReference; lastKnownFileType = sourcecode.swift; path = ProfileService.swift; sourceTree = "<group>"; };
		C35EFFC52B382EAA000A1556 /* ProfileResult.swift */ = {isa = PBXFileReference; lastKnownFileType = sourcecode.swift; path = ProfileResult.swift; sourceTree = "<group>"; };
		C35EFFC72B383269000A1556 /* Profile.swift */ = {isa = PBXFileReference; lastKnownFileType = sourcecode.swift; path = Profile.swift; sourceTree = "<group>"; };
		C35EFFCB2B389427000A1556 /* OAuthViewControllerDelegate.swift */ = {isa = PBXFileReference; lastKnownFileType = sourcecode.swift; path = OAuthViewControllerDelegate.swift; sourceTree = "<group>"; };
		C35EFFCD2B389646000A1556 /* ProfileImageService.swift */ = {isa = PBXFileReference; lastKnownFileType = sourcecode.swift; path = ProfileImageService.swift; sourceTree = "<group>"; };
		C35EFFD02B38B601000A1556 /* URLSession + Extensions.swift */ = {isa = PBXFileReference; lastKnownFileType = sourcecode.swift; path = "URLSession + Extensions.swift"; sourceTree = "<group>"; };
		C372D0C42B02B2D700AE89E2 /* ImagesListCell.swift */ = {isa = PBXFileReference; lastKnownFileType = sourcecode.swift; path = ImagesListCell.swift; sourceTree = "<group>"; };
		C393BA7E2B38D3B900CB47F6 /* AlertPresenter.swift */ = {isa = PBXFileReference; lastKnownFileType = sourcecode.swift; path = AlertPresenter.swift; sourceTree = "<group>"; };
		C3C4CC1B2B3DA015003C6B7C /* Photo.swift */ = {isa = PBXFileReference; lastKnownFileType = sourcecode.swift; path = Photo.swift; sourceTree = "<group>"; };
		C3C4CC1D2B3DA06B003C6B7C /* ImagesListService.swift */ = {isa = PBXFileReference; lastKnownFileType = sourcecode.swift; path = ImagesListService.swift; sourceTree = "<group>"; };
		C3C4CC1F2B3E05E0003C6B7C /* PhotoResult.swift */ = {isa = PBXFileReference; lastKnownFileType = sourcecode.swift; path = PhotoResult.swift; sourceTree = "<group>"; };
		C3D484472B3D786500C2AF85 /* TabBarViewController.swift */ = {isa = PBXFileReference; lastKnownFileType = sourcecode.swift; path = TabBarViewController.swift; sourceTree = "<group>"; };
		C3DEBF412B23A9C400F16266 /* WebConstants.swift */ = {isa = PBXFileReference; lastKnownFileType = sourcecode.swift; path = WebConstants.swift; sourceTree = "<group>"; };
		C3DEBF442B23C49B00F16266 /* OAuthViewController.swift */ = {isa = PBXFileReference; lastKnownFileType = sourcecode.swift; path = OAuthViewController.swift; sourceTree = "<group>"; };
		C3DEBF462B23C51D00F16266 /* WebViewViewController.swift */ = {isa = PBXFileReference; lastKnownFileType = sourcecode.swift; path = WebViewViewController.swift; sourceTree = "<group>"; };
		C3DEBF482B23D8AB00F16266 /* WebViewControllerDelegate.swift */ = {isa = PBXFileReference; lastKnownFileType = sourcecode.swift; path = WebViewControllerDelegate.swift; sourceTree = "<group>"; };
		C3DF848A2AFD618800298A89 /* ImFeed.app */ = {isa = PBXFileReference; explicitFileType = wrapper.application; includeInIndex = 0; path = ImFeed.app; sourceTree = BUILT_PRODUCTS_DIR; };
		C3DF848D2AFD618800298A89 /* AppDelegate.swift */ = {isa = PBXFileReference; lastKnownFileType = sourcecode.swift; path = AppDelegate.swift; sourceTree = "<group>"; };
		C3DF848F2AFD618800298A89 /* SceneDelegate.swift */ = {isa = PBXFileReference; lastKnownFileType = sourcecode.swift; path = SceneDelegate.swift; sourceTree = "<group>"; };
		C3DF84912AFD618800298A89 /* ImagesListViewController.swift */ = {isa = PBXFileReference; lastKnownFileType = sourcecode.swift; path = ImagesListViewController.swift; sourceTree = "<group>"; };
		C3DF84942AFD618800298A89 /* Base */ = {isa = PBXFileReference; lastKnownFileType = file.storyboard; name = Base; path = Base.lproj/Main.storyboard; sourceTree = "<group>"; };
		C3DF84962AFD618900298A89 /* Assets.xcassets */ = {isa = PBXFileReference; lastKnownFileType = folder.assetcatalog; path = Assets.xcassets; sourceTree = "<group>"; };
		C3DF84992AFD618900298A89 /* Base */ = {isa = PBXFileReference; lastKnownFileType = file.storyboard; name = Base; path = Base.lproj/LaunchScreen.storyboard; sourceTree = "<group>"; };
		C3DF849B2AFD618900298A89 /* Info.plist */ = {isa = PBXFileReference; lastKnownFileType = text.plist.xml; path = Info.plist; sourceTree = "<group>"; };
		C3E06B062B35FB8500D78A72 /* SplashViewController.swift */ = {isa = PBXFileReference; lastKnownFileType = sourcecode.swift; path = SplashViewController.swift; sourceTree = "<group>"; };
/* End PBXFileReference section */

/* Begin PBXFrameworksBuildPhase section */
		C3DF84872AFD618800298A89 /* Frameworks */ = {
			isa = PBXFrameworksBuildPhase;
			buildActionMask = 2147483647;
			files = (
				C393BA822B38D8DF00CB47F6 /* Kingfisher in Frameworks */,
				C35EFFC02B373E4D000A1556 /* ProgressHUD in Frameworks */,
				C37A5C092B3C30CD0048E949 /* SwiftKeychainWrapper in Frameworks */,
			);
			runOnlyForDeploymentPostprocessing = 0;
		};
/* End PBXFrameworksBuildPhase section */

/* Begin PBXGroup section */
		C344A4602B0D5A53005E054B /* ProfileView */ = {
			isa = PBXGroup;
			children = (
				C344A4612B0D5A6D005E054B /* ProfileViewController.swift */,
			);
			path = ProfileView;
			sourceTree = "<group>";
		};
		C344A4652B12B463005E054B /* SingleImageView */ = {
			isa = PBXGroup;
			children = (
				C344A4632B128EAB005E054B /* SingleImageViewController.swift */,
			);
			path = SingleImageView;
			sourceTree = "<group>";
		};
		C35EFFCF2B38B593000A1556 /* Networking */ = {
			isa = PBXGroup;
			children = (
				C35EFFD02B38B601000A1556 /* URLSession + Extensions.swift */,
			);
			path = Networking;
			sourceTree = "<group>";
		};
		C372D0C32B02B2C100AE89E2 /* ImagesListView */ = {
			isa = PBXGroup;
			children = (
				C3DF84912AFD618800298A89 /* ImagesListViewController.swift */,
			);
			path = ImagesListView;
			sourceTree = "<group>";
		};
		C38D499E2B210F5800E99ED2 /* Cells */ = {
			isa = PBXGroup;
			children = (
				C372D0C42B02B2D700AE89E2 /* ImagesListCell.swift */,
			);
			path = Cells;
			sourceTree = "<group>";
		};
		C3C4CC162B3D9E80003C6B7C /* OAuth */ = {
			isa = PBXGroup;
			children = (
				C358CC782B2A529B00735984 /* OAuth2TokenStorage.swift */,
				C358CC762B2A4B4C00735984 /* OAuth2Service.swift */,
			);
			path = OAuth;
			sourceTree = "<group>";
		};
		C3C4CC172B3D9EAA003C6B7C /* AlertPresenter */ = {
			isa = PBXGroup;
			children = (
				C393BA7E2B38D3B900CB47F6 /* AlertPresenter.swift */,
			);
			path = AlertPresenter;
			sourceTree = "<group>";
		};
		C3C4CC182B3D9EB8003C6B7C /* Profile */ = {
			isa = PBXGroup;
			children = (
				C35EFFCD2B389646000A1556 /* ProfileImageService.swift */,
				C35EFFC32B382E79000A1556 /* ProfileService.swift */,
			);
			path = Profile;
			sourceTree = "<group>";
		};
		C3C4CC192B3D9EE1003C6B7C /* ProgressHUD */ = {
			isa = PBXGroup;
			children = (
				C35EFFC12B374E99000A1556 /* UIBlockingProgressHUD.swift */,
			);
			path = ProgressHUD;
			sourceTree = "<group>";
		};
		C3C4CC1A2B3D9FE4003C6B7C /* Images */ = {
			isa = PBXGroup;
			children = (
				C3C4CC1D2B3DA06B003C6B7C /* ImagesListService.swift */,
			);
			path = Images;
			sourceTree = "<group>";
		};
		C3CC81952B339A73002A0B04 /* Services */ = {
			isa = PBXGroup;
			children = (
				C3C4CC172B3D9EAA003C6B7C /* AlertPresenter */,
				C3C4CC162B3D9E80003C6B7C /* OAuth */,
				C35EFFCF2B38B593000A1556 /* Networking */,
				C3C4CC1A2B3D9FE4003C6B7C /* Images */,
				C3C4CC192B3D9EE1003C6B7C /* ProgressHUD */,
				C3C4CC182B3D9EB8003C6B7C /* Profile */,
			);
			path = Services;
			sourceTree = "<group>";
		};
		C3CC81962B339B1F002A0B04 /* WebView */ = {
			isa = PBXGroup;
			children = (
				C3DEBF482B23D8AB00F16266 /* WebViewControllerDelegate.swift */,
				C3DEBF462B23C51D00F16266 /* WebViewViewController.swift */,
			);
			path = WebView;
			sourceTree = "<group>";
		};
		C3D484462B3D784700C2AF85 /* TabBarView */ = {
			isa = PBXGroup;
			children = (
				C3D484472B3D786500C2AF85 /* TabBarViewController.swift */,
			);
			path = TabBarView;
			sourceTree = "<group>";
		};
		C3DEBF432B23C48500F16266 /* OAuth */ = {
			isa = PBXGroup;
			children = (
				C3DEBF442B23C49B00F16266 /* OAuthViewController.swift */,
				C35EFFCB2B389427000A1556 /* OAuthViewControllerDelegate.swift */,
			);
			path = OAuth;
			sourceTree = "<group>";
		};
		C3DF84812AFD618800298A89 = {
			isa = PBXGroup;
			children = (
				C3DF848C2AFD618800298A89 /* ImFeed */,
				C3DF848B2AFD618800298A89 /* Products */,
			);
			sourceTree = "<group>";
		};
		C3DF848B2AFD618800298A89 /* Products */ = {
			isa = PBXGroup;
			children = (
				C3DF848A2AFD618800298A89 /* ImFeed.app */,
			);
			name = Products;
			sourceTree = "<group>";
		};
		C3DF848C2AFD618800298A89 /* ImFeed */ = {
			isa = PBXGroup;
			children = (
				C3DEBF432B23C48500F16266 /* OAuth */,
				C3CC81962B339B1F002A0B04 /* WebView */,
				C3E06B052B35FB1C00D78A72 /* SplashView */,
				C3D484462B3D784700C2AF85 /* TabBarView */,
				C372D0C32B02B2C100AE89E2 /* ImagesListView */,
				C344A4652B12B463005E054B /* SingleImageView */,
				C344A4602B0D5A53005E054B /* ProfileView */,
				C3CC81952B339A73002A0B04 /* Services */,
				C3E06B042B35FAAA00D78A72 /* Models */,
				C38D499E2B210F5800E99ED2 /* Cells */,
				C3DF848F2AFD618800298A89 /* SceneDelegate.swift */,
				C3DF848D2AFD618800298A89 /* AppDelegate.swift */,
				C3DF84982AFD618900298A89 /* LaunchScreen.storyboard */,
				C3DF84932AFD618800298A89 /* Main.storyboard */,
				C3DF84962AFD618900298A89 /* Assets.xcassets */,
				C3DF849B2AFD618900298A89 /* Info.plist */,
			);
			path = ImFeed;
			sourceTree = "<group>";
		};
		C3E06B042B35FAAA00D78A72 /* Models */ = {
			isa = PBXGroup;
			children = (
				C358CC742B2A4A5B00735984 /* AuthTokenResponseBody.swift */,
				C3DEBF412B23A9C400F16266 /* WebConstants.swift */,
				C35EFFC52B382EAA000A1556 /* ProfileResult.swift */,
				C3C4CC1F2B3E05E0003C6B7C /* PhotoResult.swift */,
				C35EFFC72B383269000A1556 /* Profile.swift */,
				C3C4CC1B2B3DA015003C6B7C /* Photo.swift */,
			);
			path = Models;
			sourceTree = "<group>";
		};
		C3E06B052B35FB1C00D78A72 /* SplashView */ = {
			isa = PBXGroup;
			children = (
				C3E06B062B35FB8500D78A72 /* SplashViewController.swift */,
			);
			path = SplashView;
			sourceTree = "<group>";
		};
/* End PBXGroup section */

/* Begin PBXNativeTarget section */
		C3DF84892AFD618800298A89 /* ImFeed */ = {
			isa = PBXNativeTarget;
			buildConfigurationList = C3DF849E2AFD618900298A89 /* Build configuration list for PBXNativeTarget "ImFeed" */;
			buildPhases = (
				C3DF84862AFD618800298A89 /* Sources */,
				C3DF84872AFD618800298A89 /* Frameworks */,
				C3DF84882AFD618800298A89 /* Resources */,
			);
			buildRules = (
			);
			dependencies = (
				C358CC722B250D0700735984 /* PBXTargetDependency */,
			);
			name = ImFeed;
			packageProductDependencies = (
				C35EFFBF2B373E4D000A1556 /* ProgressHUD */,
				C393BA812B38D8DF00CB47F6 /* Kingfisher */,
				C37A5C082B3C30CD0048E949 /* SwiftKeychainWrapper */,
			);
			productName = ImFeed;
			productReference = C3DF848A2AFD618800298A89 /* ImFeed.app */;
			productType = "com.apple.product-type.application";
		};
/* End PBXNativeTarget section */

/* Begin PBXProject section */
		C3DF84822AFD618800298A89 /* Project object */ = {
			isa = PBXProject;
			attributes = {
				BuildIndependentTargetsInParallel = 1;
				LastSwiftUpdateCheck = 1500;
				LastUpgradeCheck = 1500;
				TargetAttributes = {
					C3DF84892AFD618800298A89 = {
						CreatedOnToolsVersion = 15.0.1;
					};
				};
			};
			buildConfigurationList = C3DF84852AFD618800298A89 /* Build configuration list for PBXProject "ImFeed" */;
			compatibilityVersion = "Xcode 14.0";
			developmentRegion = en;
			hasScannedForEncodings = 0;
			knownRegions = (
				en,
				Base,
			);
			mainGroup = C3DF84812AFD618800298A89;
			packageReferences = (
				C35EFFBE2B373E4D000A1556 /* XCRemoteSwiftPackageReference "ProgressHUD" */,
				C393BA802B38D8DF00CB47F6 /* XCRemoteSwiftPackageReference "Kingfisher" */,
				C37A5C072B3C30CD0048E949 /* XCRemoteSwiftPackageReference "SwiftKeychainWrapper" */,
			);
			productRefGroup = C3DF848B2AFD618800298A89 /* Products */;
			projectDirPath = "";
			projectRoot = "";
			targets = (
				C3DF84892AFD618800298A89 /* ImFeed */,
			);
		};
/* End PBXProject section */

/* Begin PBXResourcesBuildPhase section */
		C3DF84882AFD618800298A89 /* Resources */ = {
			isa = PBXResourcesBuildPhase;
			buildActionMask = 2147483647;
			files = (
				C3DF849A2AFD618900298A89 /* LaunchScreen.storyboard in Resources */,
				C3DF84972AFD618900298A89 /* Assets.xcassets in Resources */,
				C3DF84952AFD618800298A89 /* Main.storyboard in Resources */,
			);
			runOnlyForDeploymentPostprocessing = 0;
		};
/* End PBXResourcesBuildPhase section */

/* Begin PBXSourcesBuildPhase section */
		C3DF84862AFD618800298A89 /* Sources */ = {
			isa = PBXSourcesBuildPhase;
			buildActionMask = 2147483647;
			files = (
				C3C4CC1E2B3DA06B003C6B7C /* ImagesListService.swift in Sources */,
				C3C4CC1C2B3DA015003C6B7C /* Photo.swift in Sources */,
				C3DF84922AFD618800298A89 /* ImagesListViewController.swift in Sources */,
				C393BA7F2B38D3B900CB47F6 /* AlertPresenter.swift in Sources */,
				C35EFFD12B38B601000A1556 /* URLSession + Extensions.swift in Sources */,
				C35EFFC42B382E79000A1556 /* ProfileService.swift in Sources */,
				C372D0C52B02B2D700AE89E2 /* ImagesListCell.swift in Sources */,
				C358CC772B2A4B4C00735984 /* OAuth2Service.swift in Sources */,
				C3DEBF492B23D8AB00F16266 /* WebViewControllerDelegate.swift in Sources */,
				C344A4622B0D5A6D005E054B /* ProfileViewController.swift in Sources */,
				C3E06B072B35FB8500D78A72 /* SplashViewController.swift in Sources */,
				C35EFFC82B383269000A1556 /* Profile.swift in Sources */,
				C358CC752B2A4A5B00735984 /* AuthTokenResponseBody.swift in Sources */,
				C35EFFC62B382EAA000A1556 /* ProfileResult.swift in Sources */,
				C3DF848E2AFD618800298A89 /* AppDelegate.swift in Sources */,
				C35EFFC22B374E99000A1556 /* UIBlockingProgressHUD.swift in Sources */,
				C3DEBF452B23C49B00F16266 /* OAuthViewController.swift in Sources */,
				C3D484482B3D786500C2AF85 /* TabBarViewController.swift in Sources */,
				C3DEBF422B23A9C400F16266 /* WebConstants.swift in Sources */,
				C344A4642B128EAB005E054B /* SingleImageViewController.swift in Sources */,
				C3DEBF472B23C51D00F16266 /* WebViewViewController.swift in Sources */,
				C3C4CC202B3E05E0003C6B7C /* PhotoResult.swift in Sources */,
				C358CC792B2A529B00735984 /* OAuth2TokenStorage.swift in Sources */,
				C35EFFCE2B389646000A1556 /* ProfileImageService.swift in Sources */,
				C35EFFCC2B389427000A1556 /* OAuthViewControllerDelegate.swift in Sources */,
				C3DF84902AFD618800298A89 /* SceneDelegate.swift in Sources */,
			);
			runOnlyForDeploymentPostprocessing = 0;
		};
/* End PBXSourcesBuildPhase section */

/* Begin PBXTargetDependency section */
		C358CC722B250D0700735984 /* PBXTargetDependency */ = {
			isa = PBXTargetDependency;
			productRef = C358CC712B250D0700735984 /* SwiftLintPlugin */;
		};
/* End PBXTargetDependency section */

/* Begin PBXVariantGroup section */
		C3DF84932AFD618800298A89 /* Main.storyboard */ = {
			isa = PBXVariantGroup;
			children = (
				C3DF84942AFD618800298A89 /* Base */,
			);
			name = Main.storyboard;
			sourceTree = "<group>";
		};
		C3DF84982AFD618900298A89 /* LaunchScreen.storyboard */ = {
			isa = PBXVariantGroup;
			children = (
				C3DF84992AFD618900298A89 /* Base */,
			);
			name = LaunchScreen.storyboard;
			sourceTree = "<group>";
		};
/* End PBXVariantGroup section */

/* Begin XCBuildConfiguration section */
		C3DF849C2AFD618900298A89 /* Debug */ = {
			isa = XCBuildConfiguration;
			buildSettings = {
				ALWAYS_SEARCH_USER_PATHS = NO;
				ASSETCATALOG_COMPILER_GENERATE_SWIFT_ASSET_SYMBOL_EXTENSIONS = YES;
				CLANG_ANALYZER_NONNULL = YES;
				CLANG_ANALYZER_NUMBER_OBJECT_CONVERSION = YES_AGGRESSIVE;
				CLANG_CXX_LANGUAGE_STANDARD = "gnu++20";
				CLANG_ENABLE_MODULES = YES;
				CLANG_ENABLE_OBJC_ARC = YES;
				CLANG_ENABLE_OBJC_WEAK = YES;
				CLANG_WARN_BLOCK_CAPTURE_AUTORELEASING = YES;
				CLANG_WARN_BOOL_CONVERSION = YES;
				CLANG_WARN_COMMA = YES;
				CLANG_WARN_CONSTANT_CONVERSION = YES;
				CLANG_WARN_DEPRECATED_OBJC_IMPLEMENTATIONS = YES;
				CLANG_WARN_DIRECT_OBJC_ISA_USAGE = YES_ERROR;
				CLANG_WARN_DOCUMENTATION_COMMENTS = YES;
				CLANG_WARN_EMPTY_BODY = YES;
				CLANG_WARN_ENUM_CONVERSION = YES;
				CLANG_WARN_INFINITE_RECURSION = YES;
				CLANG_WARN_INT_CONVERSION = YES;
				CLANG_WARN_NON_LITERAL_NULL_CONVERSION = YES;
				CLANG_WARN_OBJC_IMPLICIT_RETAIN_SELF = YES;
				CLANG_WARN_OBJC_LITERAL_CONVERSION = YES;
				CLANG_WARN_OBJC_ROOT_CLASS = YES_ERROR;
				CLANG_WARN_QUOTED_INCLUDE_IN_FRAMEWORK_HEADER = YES;
				CLANG_WARN_RANGE_LOOP_ANALYSIS = YES;
				CLANG_WARN_STRICT_PROTOTYPES = YES;
				CLANG_WARN_SUSPICIOUS_MOVE = YES;
				CLANG_WARN_UNGUARDED_AVAILABILITY = YES_AGGRESSIVE;
				CLANG_WARN_UNREACHABLE_CODE = YES;
				CLANG_WARN__DUPLICATE_METHOD_MATCH = YES;
				COPY_PHASE_STRIP = NO;
				DEBUG_INFORMATION_FORMAT = dwarf;
				ENABLE_STRICT_OBJC_MSGSEND = YES;
				ENABLE_TESTABILITY = YES;
				ENABLE_USER_SCRIPT_SANDBOXING = YES;
				GCC_C_LANGUAGE_STANDARD = gnu17;
				GCC_DYNAMIC_NO_PIC = NO;
				GCC_NO_COMMON_BLOCKS = YES;
				GCC_OPTIMIZATION_LEVEL = 0;
				GCC_PREPROCESSOR_DEFINITIONS = (
					"DEBUG=1",
					"$(inherited)",
				);
				GCC_WARN_64_TO_32_BIT_CONVERSION = YES;
				GCC_WARN_ABOUT_RETURN_TYPE = YES_ERROR;
				GCC_WARN_UNDECLARED_SELECTOR = YES;
				GCC_WARN_UNINITIALIZED_AUTOS = YES_AGGRESSIVE;
				GCC_WARN_UNUSED_FUNCTION = YES;
				GCC_WARN_UNUSED_VARIABLE = YES;
				IPHONEOS_DEPLOYMENT_TARGET = 13.0;
				LOCALIZATION_PREFERS_STRING_CATALOGS = YES;
				MTL_ENABLE_DEBUG_INFO = INCLUDE_SOURCE;
				MTL_FAST_MATH = YES;
				ONLY_ACTIVE_ARCH = YES;
				SDKROOT = iphoneos;
				SWIFT_ACTIVE_COMPILATION_CONDITIONS = "DEBUG $(inherited)";
				SWIFT_OPTIMIZATION_LEVEL = "-Onone";
			};
			name = Debug;
		};
		C3DF849D2AFD618900298A89 /* Release */ = {
			isa = XCBuildConfiguration;
			buildSettings = {
				ALWAYS_SEARCH_USER_PATHS = NO;
				ASSETCATALOG_COMPILER_GENERATE_SWIFT_ASSET_SYMBOL_EXTENSIONS = YES;
				CLANG_ANALYZER_NONNULL = YES;
				CLANG_ANALYZER_NUMBER_OBJECT_CONVERSION = YES_AGGRESSIVE;
				CLANG_CXX_LANGUAGE_STANDARD = "gnu++20";
				CLANG_ENABLE_MODULES = YES;
				CLANG_ENABLE_OBJC_ARC = YES;
				CLANG_ENABLE_OBJC_WEAK = YES;
				CLANG_WARN_BLOCK_CAPTURE_AUTORELEASING = YES;
				CLANG_WARN_BOOL_CONVERSION = YES;
				CLANG_WARN_COMMA = YES;
				CLANG_WARN_CONSTANT_CONVERSION = YES;
				CLANG_WARN_DEPRECATED_OBJC_IMPLEMENTATIONS = YES;
				CLANG_WARN_DIRECT_OBJC_ISA_USAGE = YES_ERROR;
				CLANG_WARN_DOCUMENTATION_COMMENTS = YES;
				CLANG_WARN_EMPTY_BODY = YES;
				CLANG_WARN_ENUM_CONVERSION = YES;
				CLANG_WARN_INFINITE_RECURSION = YES;
				CLANG_WARN_INT_CONVERSION = YES;
				CLANG_WARN_NON_LITERAL_NULL_CONVERSION = YES;
				CLANG_WARN_OBJC_IMPLICIT_RETAIN_SELF = YES;
				CLANG_WARN_OBJC_LITERAL_CONVERSION = YES;
				CLANG_WARN_OBJC_ROOT_CLASS = YES_ERROR;
				CLANG_WARN_QUOTED_INCLUDE_IN_FRAMEWORK_HEADER = YES;
				CLANG_WARN_RANGE_LOOP_ANALYSIS = YES;
				CLANG_WARN_STRICT_PROTOTYPES = YES;
				CLANG_WARN_SUSPICIOUS_MOVE = YES;
				CLANG_WARN_UNGUARDED_AVAILABILITY = YES_AGGRESSIVE;
				CLANG_WARN_UNREACHABLE_CODE = YES;
				CLANG_WARN__DUPLICATE_METHOD_MATCH = YES;
				COPY_PHASE_STRIP = NO;
				DEBUG_INFORMATION_FORMAT = "dwarf-with-dsym";
				ENABLE_NS_ASSERTIONS = NO;
				ENABLE_STRICT_OBJC_MSGSEND = YES;
				ENABLE_USER_SCRIPT_SANDBOXING = YES;
				GCC_C_LANGUAGE_STANDARD = gnu17;
				GCC_NO_COMMON_BLOCKS = YES;
				GCC_WARN_64_TO_32_BIT_CONVERSION = YES;
				GCC_WARN_ABOUT_RETURN_TYPE = YES_ERROR;
				GCC_WARN_UNDECLARED_SELECTOR = YES;
				GCC_WARN_UNINITIALIZED_AUTOS = YES_AGGRESSIVE;
				GCC_WARN_UNUSED_FUNCTION = YES;
				GCC_WARN_UNUSED_VARIABLE = YES;
				IPHONEOS_DEPLOYMENT_TARGET = 13.0;
				LOCALIZATION_PREFERS_STRING_CATALOGS = YES;
				MTL_ENABLE_DEBUG_INFO = NO;
				MTL_FAST_MATH = YES;
				SDKROOT = iphoneos;
				SWIFT_COMPILATION_MODE = wholemodule;
				VALIDATE_PRODUCT = YES;
			};
			name = Release;
		};
		C3DF849F2AFD618900298A89 /* Debug */ = {
			isa = XCBuildConfiguration;
			buildSettings = {
				ASSETCATALOG_COMPILER_APPICON_NAME = AppIcon;
				ASSETCATALOG_COMPILER_GLOBAL_ACCENT_COLOR_NAME = AccentColor;
				CODE_SIGN_STYLE = Automatic;
				CURRENT_PROJECT_VERSION = 1;
				DEVELOPMENT_TEAM = PW666TFNS4;
				GENERATE_INFOPLIST_FILE = YES;
				INFOPLIST_FILE = ImFeed/Info.plist;
				INFOPLIST_KEY_UIApplicationSupportsIndirectInputEvents = YES;
				INFOPLIST_KEY_UILaunchStoryboardName = LaunchScreen;
				INFOPLIST_KEY_UIMainStoryboardFile = Main;
				INFOPLIST_KEY_UISupportedInterfaceOrientations = UIInterfaceOrientationPortrait;
				IPHONEOS_DEPLOYMENT_TARGET = 13.0;
				LD_RUNPATH_SEARCH_PATHS = (
					"$(inherited)",
					"@executable_path/Frameworks",
				);
				MARKETING_VERSION = 1.0;
				PRODUCT_BUNDLE_IDENTIFIER = com.y.kleimenov.ImFeed;
				PRODUCT_NAME = "$(TARGET_NAME)";
				SUPPORTED_PLATFORMS = "iphoneos iphonesimulator";
				SUPPORTS_MACCATALYST = NO;
				SUPPORTS_MAC_DESIGNED_FOR_IPHONE_IPAD = NO;
				SWIFT_EMIT_LOC_STRINGS = YES;
				SWIFT_VERSION = 5.0;
				TARGETED_DEVICE_FAMILY = 1;
			};
			name = Debug;
		};
		C3DF84A02AFD618900298A89 /* Release */ = {
			isa = XCBuildConfiguration;
			buildSettings = {
				ASSETCATALOG_COMPILER_APPICON_NAME = AppIcon;
				ASSETCATALOG_COMPILER_GLOBAL_ACCENT_COLOR_NAME = AccentColor;
				CODE_SIGN_STYLE = Automatic;
				CURRENT_PROJECT_VERSION = 1;
				DEVELOPMENT_TEAM = PW666TFNS4;
				GENERATE_INFOPLIST_FILE = YES;
				INFOPLIST_FILE = ImFeed/Info.plist;
				INFOPLIST_KEY_UIApplicationSupportsIndirectInputEvents = YES;
				INFOPLIST_KEY_UILaunchStoryboardName = LaunchScreen;
				INFOPLIST_KEY_UIMainStoryboardFile = Main;
				INFOPLIST_KEY_UISupportedInterfaceOrientations = UIInterfaceOrientationPortrait;
				IPHONEOS_DEPLOYMENT_TARGET = 13.0;
				LD_RUNPATH_SEARCH_PATHS = (
					"$(inherited)",
					"@executable_path/Frameworks",
				);
				MARKETING_VERSION = 1.0;
				PRODUCT_BUNDLE_IDENTIFIER = com.y.kleimenov.ImFeed;
				PRODUCT_NAME = "$(TARGET_NAME)";
				SUPPORTED_PLATFORMS = "iphoneos iphonesimulator";
				SUPPORTS_MACCATALYST = NO;
				SUPPORTS_MAC_DESIGNED_FOR_IPHONE_IPAD = NO;
				SWIFT_EMIT_LOC_STRINGS = YES;
				SWIFT_VERSION = 5.0;
				TARGETED_DEVICE_FAMILY = 1;
			};
			name = Release;
		};
/* End XCBuildConfiguration section */

/* Begin XCConfigurationList section */
		C3DF84852AFD618800298A89 /* Build configuration list for PBXProject "ImFeed" */ = {
			isa = XCConfigurationList;
			buildConfigurations = (
				C3DF849C2AFD618900298A89 /* Debug */,
				C3DF849D2AFD618900298A89 /* Release */,
			);
			defaultConfigurationIsVisible = 0;
			defaultConfigurationName = Release;
		};
		C3DF849E2AFD618900298A89 /* Build configuration list for PBXNativeTarget "ImFeed" */ = {
			isa = XCConfigurationList;
			buildConfigurations = (
				C3DF849F2AFD618900298A89 /* Debug */,
				C3DF84A02AFD618900298A89 /* Release */,
			);
			defaultConfigurationIsVisible = 0;
			defaultConfigurationName = Release;
		};
/* End XCConfigurationList section */

/* Begin XCRemoteSwiftPackageReference section */
		C35EFFBE2B373E4D000A1556 /* XCRemoteSwiftPackageReference "ProgressHUD" */ = {
			isa = XCRemoteSwiftPackageReference;
			repositoryURL = "https://github.com/relatedcode/ProgressHUD";
			requirement = {
				kind = upToNextMajorVersion;
				minimumVersion = 14.1.0;
			};
		};
		C37A5C072B3C30CD0048E949 /* XCRemoteSwiftPackageReference "SwiftKeychainWrapper" */ = {
			isa = XCRemoteSwiftPackageReference;
			repositoryURL = "https://github.com/jrendel/SwiftKeychainWrapper";
			requirement = {
				kind = upToNextMajorVersion;
				minimumVersion = 4.0.1;
			};
		};
		C393BA802B38D8DF00CB47F6 /* XCRemoteSwiftPackageReference "Kingfisher" */ = {
			isa = XCRemoteSwiftPackageReference;
			repositoryURL = "https://github.com/onevcat/Kingfisher";
			requirement = {
				kind = upToNextMajorVersion;
				minimumVersion = 7.10.1;
			};
		};
		C3AE2C482B250A6D00E96323 /* XCRemoteSwiftPackageReference "SwiftLint" */ = {
			isa = XCRemoteSwiftPackageReference;
			repositoryURL = "https://github.com/realm/SwiftLint";
			requirement = {
				kind = exactVersion;
				version = 0.49.0;
			};
		};
/* End XCRemoteSwiftPackageReference section */

/* Begin XCSwiftPackageProductDependency section */
		C358CC712B250D0700735984 /* SwiftLintPlugin */ = {
			isa = XCSwiftPackageProductDependency;
			package = C3AE2C482B250A6D00E96323 /* XCRemoteSwiftPackageReference "SwiftLint" */;
			productName = "plugin:SwiftLintPlugin";
		};
		C35EFFBF2B373E4D000A1556 /* ProgressHUD */ = {
			isa = XCSwiftPackageProductDependency;
			package = C35EFFBE2B373E4D000A1556 /* XCRemoteSwiftPackageReference "ProgressHUD" */;
			productName = ProgressHUD;
		};
		C37A5C082B3C30CD0048E949 /* SwiftKeychainWrapper */ = {
			isa = XCSwiftPackageProductDependency;
			package = C37A5C072B3C30CD0048E949 /* XCRemoteSwiftPackageReference "SwiftKeychainWrapper" */;
			productName = SwiftKeychainWrapper;
		};
		C393BA812B38D8DF00CB47F6 /* Kingfisher */ = {
			isa = XCSwiftPackageProductDependency;
			package = C393BA802B38D8DF00CB47F6 /* XCRemoteSwiftPackageReference "Kingfisher" */;
			productName = Kingfisher;
		};
/* End XCSwiftPackageProductDependency section */
	};
	rootObject = C3DF84822AFD618800298A89 /* Project object */;
}
